
Microsoft Visual Studio Solution File, Format Version 12.00
# Visual Studio Version 16
VisualStudioVersion = 16.0.32413.511
MinimumVisualStudioVersion = 10.0.40219.1
Project("{FAE04EC0-301F-11D3-BF4B-00C04F79EFBC}") = "APP1", "APP1\APP1.csproj", "{13002A91-CE1D-4413-9FE3-3BF0391B852C}"
EndProject
Global
	GlobalSection(SolutionConfigurationPlatforms) = preSolution
		Debug|Any CPU = Debug|Any CPU
		Release|Any CPU = Release|Any CPU
	EndGlobalSection
	GlobalSection(ProjectConfigurationPlatforms) = postSolution
		{13002A91-CE1D-4413-9FE3-3BF0391B852C}.Debug|Any CPU.ActiveCfg = Debug|Any CPU
		{13002A91-CE1D-4413-9FE3-3BF0391B852C}.Debug|Any CPU.Build.0 = Debug|Any CPU
		{13002A91-CE1D-4413-9FE3-3BF0391B852C}.Release|Any CPU.ActiveCfg = Release|Any CPU
		{13002A91-CE1D-4413-9FE3-3BF0391B852C}.Release|Any CPU.Build.0 = Release|Any CPU
	EndGlobalSection
	GlobalSection(SolutionProperties) = preSolution
		HideSolutionNode = FALSE
	EndGlobalSection
	GlobalSection(ExtensibilityGlobals) = postSolution
		SolutionGuid = {843A0F76-48BE-4368-AED9-D42BA80CBD65}
	EndGlobalSection
EndGlobal
